
Microsoft Visual Studio Solution File, Format Version 12.00
# Visual Studio Version 16
VisualStudioVersion = 16.0.30717.126
MinimumVisualStudioVersion = 10.0.40219.1
Project("{F184B08F-C81C-45F6-A57F-5ABD9991F28F}") = "VbConsoleTraining", "VbConsoleTraining\VbConsoleTraining.vbproj", "{3AC9C509-D10B-47CF-A316-AFE085D8DDB3}"
EndProject
Project("{F184B08F-C81C-45F6-A57F-5ABD9991F28F}") = "VbConsoleTrainingTest", "ConsoleTrainingTest\VbConsoleTrainingTest.vbproj", "{F405BCFA-0547-402A-B23E-BD576DE70CDE}"
EndProject
Global
	GlobalSection(SolutionConfigurationPlatforms) = preSolution
		Debug|Any CPU = Debug|Any CPU
		Release|Any CPU = Release|Any CPU
	EndGlobalSection
	GlobalSection(ProjectConfigurationPlatforms) = postSolution
		{3AC9C509-D10B-47CF-A316-AFE085D8DDB3}.Debug|Any CPU.ActiveCfg = Debug|Any CPU
		{3AC9C509-D10B-47CF-A316-AFE085D8DDB3}.Debug|Any CPU.Build.0 = Debug|Any CPU
		{3AC9C509-D10B-47CF-A316-AFE085D8DDB3}.Release|Any CPU.ActiveCfg = Release|Any CPU
		{3AC9C509-D10B-47CF-A316-AFE085D8DDB3}.Release|Any CPU.Build.0 = Release|Any CPU
		{F405BCFA-0547-402A-B23E-BD576DE70CDE}.Debug|Any CPU.ActiveCfg = Debug|Any CPU
		{F405BCFA-0547-402A-B23E-BD576DE70CDE}.Debug|Any CPU.Build.0 = Debug|Any CPU
		{F405BCFA-0547-402A-B23E-BD576DE70CDE}.Release|Any CPU.ActiveCfg = Release|Any CPU
		{F405BCFA-0547-402A-B23E-BD576DE70CDE}.Release|Any CPU.Build.0 = Release|Any CPU
	EndGlobalSection
	GlobalSection(SolutionProperties) = preSolution
		HideSolutionNode = FALSE
	EndGlobalSection
	GlobalSection(ExtensibilityGlobals) = postSolution
		SolutionGuid = {73D36291-839B-4232-A465-D52DDA6B9FB6}
	EndGlobalSection
EndGlobal
